
Microsoft Visual Studio Solution File, Format Version 12.00
# Visual Studio Version 16
VisualStudioVersion = 16.0.29609.76
MinimumVisualStudioVersion = 10.0.40219.1
Project("{FAE04EC0-301F-11D3-BF4B-00C04F79EFBC}") = "EFCoreDemo", "EFCoreDemo\EFCoreDemo.csproj", "{45896446-F17A-496A-943E-329B282A8025}"
EndProject
Global
	GlobalSection(SolutionConfigurationPlatforms) = preSolution
		Debug|Any CPU = Debug|Any CPU
		Release|Any CPU = Release|Any CPU
	EndGlobalSection
	GlobalSection(ProjectConfigurationPlatforms) = postSolution
		{45896446-F17A-496A-943E-329B282A8025}.Debug|Any CPU.ActiveCfg = Debug|Any CPU
		{45896446-F17A-496A-943E-329B282A8025}.Debug|Any CPU.Build.0 = Debug|Any CPU
		{45896446-F17A-496A-943E-329B282A8025}.Release|Any CPU.ActiveCfg = Release|Any CPU
		{45896446-F17A-496A-943E-329B282A8025}.Release|Any CPU.Build.0 = Release|Any CPU
	EndGlobalSection
	GlobalSection(SolutionProperties) = preSolution
		HideSolutionNode = FALSE
	EndGlobalSection
	GlobalSection(ExtensibilityGlobals) = postSolution
		SolutionGuid = {A1E41861-1F68-4A70-9BCA-6691A36C7A56}
	EndGlobalSection
EndGlobal
